// !$*UTF8*$!
{
	archiveVersion = 1;
	classes = {
	};
	objectVersion = 46;
	objects = {

/* Begin PBXBuildFile section */
		1814F7261D2217E3001FC6C4 /* Celda.swift in Sources */ = {isa = PBXBuildFile; fileRef = 1814F7251D2217E3001FC6C4 /* Celda.swift */; };
		1814F7281D222497001FC6C4 /* DetailsViewController.swift in Sources */ = {isa = PBXBuildFile; fileRef = 1814F7271D222497001FC6C4 /* DetailsViewController.swift */; };
		18B6F33D1D1CFFAD00BA38CE /* AppDelegate.swift in Sources */ = {isa = PBXBuildFile; fileRef = 18B6F33C1D1CFFAD00BA38CE /* AppDelegate.swift */; };
		18B6F33F1D1CFFAD00BA38CE /* ViewController.swift in Sources */ = {isa = PBXBuildFile; fileRef = 18B6F33E1D1CFFAD00BA38CE /* ViewController.swift */; };
		18B6F3421D1CFFAD00BA38CE /* Main.storyboard in Resources */ = {isa = PBXBuildFile; fileRef = 18B6F3401D1CFFAD00BA38CE /* Main.storyboard */; };
		18B6F3451D1CFFAD00BA38CE /* movie_search.xcdatamodeld in Sources */ = {isa = PBXBuildFile; fileRef = 18B6F3431D1CFFAD00BA38CE /* movie_search.xcdatamodeld */; };
		18B6F3471D1CFFAD00BA38CE /* Assets.xcassets in Resources */ = {isa = PBXBuildFile; fileRef = 18B6F3461D1CFFAD00BA38CE /* Assets.xcassets */; };
		18B6F34A1D1CFFAD00BA38CE /* LaunchScreen.storyboard in Resources */ = {isa = PBXBuildFile; fileRef = 18B6F3481D1CFFAD00BA38CE /* LaunchScreen.storyboard */; };
		18B6F3521D1D0D2200BA38CE /* MovieCollectionViewController.swift in Sources */ = {isa = PBXBuildFile; fileRef = 18B6F3511D1D0D2200BA38CE /* MovieCollectionViewController.swift */; };
/* End PBXBuildFile section */

/* Begin PBXFileReference section */
		1814F7251D2217E3001FC6C4 /* Celda.swift */ = {isa = PBXFileReference; fileEncoding = 4; lastKnownFileType = sourcecode.swift; path = Celda.swift; sourceTree = "<group>"; };
		1814F7271D222497001FC6C4 /* DetailsViewController.swift */ = {isa = PBXFileReference; fileEncoding = 4; lastKnownFileType = sourcecode.swift; path = DetailsViewController.swift; sourceTree = "<group>"; };
		18B6F3391D1CFFAD00BA38CE /* movie search.app */ = {isa = PBXFileReference; explicitFileType = wrapper.application; includeInIndex = 0; path = "movie search.app"; sourceTree = BUILT_PRODUCTS_DIR; };
		18B6F33C1D1CFFAD00BA38CE /* AppDelegate.swift */ = {isa = PBXFileReference; lastKnownFileType = sourcecode.swift; path = AppDelegate.swift; sourceTree = "<group>"; };
		18B6F33E1D1CFFAD00BA38CE /* ViewController.swift */ = {isa = PBXFileReference; lastKnownFileType = sourcecode.swift; path = ViewController.swift; sourceTree = "<group>"; };
		18B6F3411D1CFFAD00BA38CE /* Base */ = {isa = PBXFileReference; lastKnownFileType = file.storyboard; name = Base; path = Base.lproj/Main.storyboard; sourceTree = "<group>"; };
		18B6F3441D1CFFAD00BA38CE /* movie_search.xcdatamodel */ = {isa = PBXFileReference; lastKnownFileType = wrapper.xcdatamodel; path = movie_search.xcdatamodel; sourceTree = "<group>"; };
		18B6F3461D1CFFAD00BA38CE /* Assets.xcassets */ = {isa = PBXFileReference; lastKnownFileType = folder.assetcatalog; path = Assets.xcassets; sourceTree = "<group>"; };
		18B6F3491D1CFFAD00BA38CE /* Base */ = {isa = PBXFileReference; lastKnownFileType = file.storyboard; name = Base; path = Base.lproj/LaunchScreen.storyboard; sourceTree = "<group>"; };
		18B6F34B1D1CFFAD00BA38CE /* Info.plist */ = {isa = PBXFileReference; lastKnownFileType = text.plist.xml; path = Info.plist; sourceTree = "<group>"; };
		18B6F3511D1D0D2200BA38CE /* MovieCollectionViewController.swift */ = {isa = PBXFileReference; fileEncoding = 4; lastKnownFileType = sourcecode.swift; path = MovieCollectionViewController.swift; sourceTree = "<group>"; };
/* End PBXFileReference section */

/* Begin PBXFrameworksBuildPhase section */
		18B6F3361D1CFFAD00BA38CE /* Frameworks */ = {
			isa = PBXFrameworksBuildPhase;
			buildActionMask = 2147483647;
			files = (
			);
			runOnlyForDeploymentPostprocessing = 0;
		};
/* End PBXFrameworksBuildPhase section */

/* Begin PBXGroup section */
		18B6F3301D1CFFAD00BA38CE = {
			isa = PBXGroup;
			children = (
				18B6F33B1D1CFFAD00BA38CE /* movie search */,
				18B6F33A1D1CFFAD00BA38CE /* Products */,
			);
			sourceTree = "<group>";
		};
		18B6F33A1D1CFFAD00BA38CE /* Products */ = {
			isa = PBXGroup;
			children = (
				18B6F3391D1CFFAD00BA38CE /* movie search.app */,
			);
			name = Products;
			sourceTree = "<group>";
		};
		18B6F33B1D1CFFAD00BA38CE /* movie search */ = {
			isa = PBXGroup;
			children = (
				18B6F33C1D1CFFAD00BA38CE /* AppDelegate.swift */,
				18B6F33E1D1CFFAD00BA38CE /* ViewController.swift */,
				18B6F3401D1CFFAD00BA38CE /* Main.storyboard */,
				18B6F3461D1CFFAD00BA38CE /* Assets.xcassets */,
				18B6F3481D1CFFAD00BA38CE /* LaunchScreen.storyboard */,
				18B6F34B1D1CFFAD00BA38CE /* Info.plist */,
				18B6F3431D1CFFAD00BA38CE /* movie_search.xcdatamodeld */,
				18B6F3511D1D0D2200BA38CE /* MovieCollectionViewController.swift */,
				1814F7251D2217E3001FC6C4 /* Celda.swift */,
				1814F7271D222497001FC6C4 /* DetailsViewController.swift */,
			);
			path = "movie search";
			sourceTree = "<group>";
		};
/* End PBXGroup section */

/* Begin PBXNativeTarget section */
		18B6F3381D1CFFAD00BA38CE /* movie search */ = {
			isa = PBXNativeTarget;
			buildConfigurationList = 18B6F34E1D1CFFAD00BA38CE /* Build configuration list for PBXNativeTarget "movie search" */;
			buildPhases = (
				18B6F3351D1CFFAD00BA38CE /* Sources */,
				18B6F3361D1CFFAD00BA38CE /* Frameworks */,
				18B6F3371D1CFFAD00BA38CE /* Resources */,
			);
			buildRules = (
			);
			dependencies = (
			);
			name = "movie search";
			productName = "movie search";
			productReference = 18B6F3391D1CFFAD00BA38CE /* movie search.app */;
			productType = "com.apple.product-type.application";
		};
/* End PBXNativeTarget section */

/* Begin PBXProject section */
		18B6F3311D1CFFAD00BA38CE /* Project object */ = {
			isa = PBXProject;
			attributes = {
				LastSwiftUpdateCheck = 0730;
				LastUpgradeCheck = 0730;
				ORGANIZATIONNAME = "Carlos Mauricio Idarraga Espitia";
				TargetAttributes = {
					18B6F3381D1CFFAD00BA38CE = {
						CreatedOnToolsVersion = 7.3.1;
					};
				};
			};
			buildConfigurationList = 18B6F3341D1CFFAD00BA38CE /* Build configuration list for PBXProject "movie search" */;
			compatibilityVersion = "Xcode 3.2";
			developmentRegion = English;
			hasScannedForEncodings = 0;
			knownRegions = (
				en,
				Base,
			);
			mainGroup = 18B6F3301D1CFFAD00BA38CE;
			productRefGroup = 18B6F33A1D1CFFAD00BA38CE /* Products */;
			projectDirPath = "";
			projectRoot = "";
			targets = (
				18B6F3381D1CFFAD00BA38CE /* movie search */,
			);
		};
/* End PBXProject section */

/* Begin PBXResourcesBuildPhase section */
		18B6F3371D1CFFAD00BA38CE /* Resources */ = {
			isa = PBXResourcesBuildPhase;
			buildActionMask = 2147483647;
			files = (
				18B6F34A1D1CFFAD00BA38CE /* LaunchScreen.storyboard in Resources */,
				18B6F3471D1CFFAD00BA38CE /* Assets.xcassets in Resources */,
				18B6F3421D1CFFAD00BA38CE /* Main.storyboard in Resources */,
			);
			runOnlyForDeploymentPostprocessing = 0;
		};
/* End PBXResourcesBuildPhase section */

/* Begin PBXSourcesBuildPhase section */
		18B6F3351D1CFFAD00BA38CE /* Sources */ = {
			isa = PBXSourcesBuildPhase;
			buildActionMask = 2147483647;
			files = (
				18B6F33F1D1CFFAD00BA38CE /* ViewController.swift in Sources */,
				18B6F3521D1D0D2200BA38CE /* MovieCollectionViewController.swift in Sources */,
				18B6F3451D1CFFAD00BA38CE /* movie_search.xcdatamodeld in Sources */,
				1814F7261D2217E3001FC6C4 /* Celda.swift in Sources */,
				18B6F33D1D1CFFAD00BA38CE /* AppDelegate.swift in Sources */,
				1814F7281D222497001FC6C4 /* DetailsViewController.swift in Sources */,
			);
			runOnlyForDeploymentPostprocessing = 0;
		};
/* End PBXSourcesBuildPhase section */

/* Begin PBXVariantGroup section */
		18B6F3401D1CFFAD00BA38CE /* Main.storyboard */ = {
			isa = PBXVariantGroup;
			children = (
				18B6F3411D1CFFAD00BA38CE /* Base */,
			);
			name = Main.storyboard;
			sourceTree = "<group>";
		};
		18B6F3481D1CFFAD00BA38CE /* LaunchScreen.storyboard */ = {
			isa = PBXVariantGroup;
			children = (
				18B6F3491D1CFFAD00BA38CE /* Base */,
			);
			name = LaunchScreen.storyboard;
			sourceTree = "<group>";
		};
/* End PBXVariantGroup section */

/* Begin XCBuildConfiguration section */
		18B6F34C1D1CFFAD00BA38CE /* Debug */ = {
			isa = XCBuildConfiguration;
			buildSettings = {
				ALWAYS_SEARCH_USER_PATHS = NO;
				CLANG_ANALYZER_NONNULL = YES;
				CLANG_CXX_LANGUAGE_STANDARD = "gnu++0x";
				CLANG_CXX_LIBRARY = "libc++";
				CLANG_ENABLE_MODULES = YES;
				CLANG_ENABLE_OBJC_ARC = YES;
				CLANG_WARN_BOOL_CONVERSION = YES;
				CLANG_WARN_CONSTANT_CONVERSION = YES;
				CLANG_WARN_DIRECT_OBJC_ISA_USAGE = YES_ERROR;
				CLANG_WARN_EMPTY_BODY = YES;
				CLANG_WARN_ENUM_CONVERSION = YES;
				CLANG_WARN_INT_CONVERSION = YES;
				CLANG_WARN_OBJC_ROOT_CLASS = YES_ERROR;
				CLANG_WARN_UNREACHABLE_CODE = YES;
				CLANG_WARN__DUPLICATE_METHOD_MATCH = YES;
				"CODE_SIGN_IDENTITY[sdk=iphoneos*]" = "iPhone Developer";
				COPY_PHASE_STRIP = NO;
				DEBUG_INFORMATION_FORMAT = dwarf;
				ENABLE_STRICT_OBJC_MSGSEND = YES;
				ENABLE_TESTABILITY = YES;
				GCC_C_LANGUAGE_STANDARD = gnu99;
				GCC_DYNAMIC_NO_PIC = NO;
				GCC_NO_COMMON_BLOCKS = YES;
				GCC_OPTIMIZATION_LEVEL = 0;
				GCC_PREPROCESSOR_DEFINITIONS = (
					"DEBUG=1",
					"$(inherited)",
				);
				GCC_WARN_64_TO_32_BIT_CONVERSION = YES;
				GCC_WARN_ABOUT_RETURN_TYPE = YES_ERROR;
				GCC_WARN_UNDECLARED_SELECTOR = YES;
				GCC_WARN_UNINITIALIZED_AUTOS = YES_AGGRESSIVE;
				GCC_WARN_UNUSED_FUNCTION = YES;
				GCC_WARN_UNUSED_VARIABLE = YES;
				IPHONEOS_DEPLOYMENT_TARGET = 9.3;
				MTL_ENABLE_DEBUG_INFO = YES;
				ONLY_ACTIVE_ARCH = YES;
				SDKROOT = iphoneos;
				SWIFT_OPTIMIZATION_LEVEL = "-Onone";
			};
			name = Debug;
		};
		18B6F34D1D1CFFAD00BA38CE /* Release */ = {
			isa = XCBuildConfiguration;
			buildSettings = {
				ALWAYS_SEARCH_USER_PATHS = NO;
				CLANG_ANALYZER_NONNULL = YES;
				CLANG_CXX_LANGUAGE_STANDARD = "gnu++0x";
				CLANG_CXX_LIBRARY = "libc++";
				CLANG_ENABLE_MODULES = YES;
				CLANG_ENABLE_OBJC_ARC = YES;
				CLANG_WARN_BOOL_CONVERSION = YES;
				CLANG_WARN_CONSTANT_CONVERSION = YES;
				CLANG_WARN_DIRECT_OBJC_ISA_USAGE = YES_ERROR;
				CLANG_WARN_EMPTY_BODY = YES;
				CLANG_WARN_ENUM_CONVERSION = YES;
				CLANG_WARN_INT_CONVERSION = YES;
				CLANG_WARN_OBJC_ROOT_CLASS = YES_ERROR;
				CLANG_WARN_UNREACHABLE_CODE = YES;
				CLANG_WARN__DUPLICATE_METHOD_MATCH = YES;
				"CODE_SIGN_IDENTITY[sdk=iphoneos*]" = "iPhone Developer";
				COPY_PHASE_STRIP = NO;
				DEBUG_INFORMATION_FORMAT = "dwarf-with-dsym";
				ENABLE_NS_ASSERTIONS = NO;
				ENABLE_STRICT_OBJC_MSGSEND = YES;
				GCC_C_LANGUAGE_STANDARD = gnu99;
				GCC_NO_COMMON_BLOCKS = YES;
				GCC_WARN_64_TO_32_BIT_CONVERSION = YES;
				GCC_WARN_ABOUT_RETURN_TYPE = YES_ERROR;
				GCC_WARN_UNDECLARED_SELECTOR = YES;
				GCC_WARN_UNINITIALIZED_AUTOS = YES_AGGRESSIVE;
				GCC_WARN_UNUSED_FUNCTION = YES;
				GCC_WARN_UNUSED_VARIABLE = YES;
				IPHONEOS_DEPLOYMENT_TARGET = 9.3;
				MTL_ENABLE_DEBUG_INFO = NO;
				SDKROOT = iphoneos;
				VALIDATE_PRODUCT = YES;
			};
			name = Release;
		};
		18B6F34F1D1CFFAD00BA38CE /* Debug */ = {
			isa = XCBuildConfiguration;
			buildSettings = {
				ASSETCATALOG_COMPILER_APPICON_NAME = AppIcon;
				INFOPLIST_FILE = "movie search/Info.plist";
				LD_RUNPATH_SEARCH_PATHS = "$(inherited) @executable_path/Frameworks";
				PRODUCT_BUNDLE_IDENTIFIER = "personal.movie-search";
				PRODUCT_NAME = "$(TARGET_NAME)";
			};
			name = Debug;
		};
		18B6F3501D1CFFAD00BA38CE /* Release */ = {
			isa = XCBuildConfiguration;
			buildSettings = {
				ASSETCATALOG_COMPILER_APPICON_NAME = AppIcon;
				INFOPLIST_FILE = "movie search/Info.plist";
				LD_RUNPATH_SEARCH_PATHS = "$(inherited) @executable_path/Frameworks";
				PRODUCT_BUNDLE_IDENTIFIER = "personal.movie-search";
				PRODUCT_NAME = "$(TARGET_NAME)";
			};
			name = Release;
		};
/* End XCBuildConfiguration section */

/* Begin XCConfigurationList section */
		18B6F3341D1CFFAD00BA38CE /* Build configuration list for PBXProject "movie search" */ = {
			isa = XCConfigurationList;
			buildConfigurations = (
				18B6F34C1D1CFFAD00BA38CE /* Debug */,
				18B6F34D1D1CFFAD00BA38CE /* Release */,
			);
			defaultConfigurationIsVisible = 0;
			defaultConfigurationName = Release;
		};
		18B6F34E1D1CFFAD00BA38CE /* Build configuration list for PBXNativeTarget "movie search" */ = {
			isa = XCConfigurationList;
			buildConfigurations = (
				18B6F34F1D1CFFAD00BA38CE /* Debug */,
				18B6F3501D1CFFAD00BA38CE /* Release */,
			);
			defaultConfigurationIsVisible = 0;
			defaultConfigurationName = Release;
		};
/* End XCConfigurationList section */

/* Begin XCVersionGroup section */
		18B6F3431D1CFFAD00BA38CE /* movie_search.xcdatamodeld */ = {
			isa = XCVersionGroup;
			children = (
				18B6F3441D1CFFAD00BA38CE /* movie_search.xcdatamodel */,
			);
			currentVersion = 18B6F3441D1CFFAD00BA38CE /* movie_search.xcdatamodel */;
			path = movie_search.xcdatamodeld;
			sourceTree = "<group>";
			versionGroupType = wrapper.xcdatamodel;
		};
/* End XCVersionGroup section */
	};
	rootObject = 18B6F3311D1CFFAD00BA38CE /* Project object */;
}
